
Microsoft Visual Studio Solution File, Format Version 12.00
# Visual Studio Version 17
VisualStudioVersion = 17.5.33516.290
MinimumVisualStudioVersion = 10.0.40219.1
Project("{8BC9CEB8-8B4A-11D0-8D11-00A0C91BC942}") = "LabProject00", "LabProject00\LabProject00.vcxproj", "{22C84D6A-61A6-4683-8264-657187FBC013}"
EndProject
Project("{8BC9CEB8-8B4A-11D0-8D11-00A0C91BC942}") = "LabProject01", "LabProject01\LabProject01.vcxproj", "{0056A0FF-4943-4A76-B061-52291CBDFC31}"
EndProject
Project("{8BC9CEB8-8B4A-11D0-8D11-00A0C91BC942}") = "LabProject02", "LabProject02\LabProject02.vcxproj", "{110DBB4C-78C6-418A-9421-9E7F429B67BC}"
EndProject
Project("{8BC9CEB8-8B4A-11D0-8D11-00A0C91BC942}") = "LabProject03", "LabProject03\LabProject03.vcxproj", "{1F7AFD82-E10E-43F1-8A21-6DBAC70FCC45}"
EndProject
Global
	GlobalSection(SolutionConfigurationPlatforms) = preSolution
		Debug|x64 = Debug|x64
		Debug|x86 = Debug|x86
		Release|x64 = Release|x64
		Release|x86 = Release|x86
	EndGlobalSection
	GlobalSection(ProjectConfigurationPlatforms) = postSolution
		{22C84D6A-61A6-4683-8264-657187FBC013}.Debug|x64.ActiveCfg = Debug|x64
		{22C84D6A-61A6-4683-8264-657187FBC013}.Debug|x64.Build.0 = Debug|x64
		{22C84D6A-61A6-4683-8264-657187FBC013}.Debug|x86.ActiveCfg = Debug|Win32
		{22C84D6A-61A6-4683-8264-657187FBC013}.Debug|x86.Build.0 = Debug|Win32
		{22C84D6A-61A6-4683-8264-657187FBC013}.Release|x64.ActiveCfg = Release|x64
		{22C84D6A-61A6-4683-8264-657187FBC013}.Release|x64.Build.0 = Release|x64
		{22C84D6A-61A6-4683-8264-657187FBC013}.Release|x86.ActiveCfg = Release|Win32
		{22C84D6A-61A6-4683-8264-657187FBC013}.Release|x86.Build.0 = Release|Win32
		{0056A0FF-4943-4A76-B061-52291CBDFC31}.Debug|x64.ActiveCfg = Debug|x64
		{0056A0FF-4943-4A76-B061-52291CBDFC31}.Debug|x64.Build.0 = Debug|x64
		{0056A0FF-4943-4A76-B061-52291CBDFC31}.Debug|x86.ActiveCfg = Debug|Win32
		{0056A0FF-4943-4A76-B061-52291CBDFC31}.Debug|x86.Build.0 = Debug|Win32
		{0056A0FF-4943-4A76-B061-52291CBDFC31}.Release|x64.ActiveCfg = Release|x64
		{0056A0FF-4943-4A76-B061-52291CBDFC31}.Release|x64.Build.0 = Release|x64
		{0056A0FF-4943-4A76-B061-52291CBDFC31}.Release|x86.ActiveCfg = Release|Win32
		{0056A0FF-4943-4A76-B061-52291CBDFC31}.Release|x86.Build.0 = Release|Win32
		{110DBB4C-78C6-418A-9421-9E7F429B67BC}.Debug|x64.ActiveCfg = Debug|x64
		{110DBB4C-78C6-418A-9421-9E7F429B67BC}.Debug|x64.Build.0 = Debug|x64
		{110DBB4C-78C6-418A-9421-9E7F429B67BC}.Debug|x86.ActiveCfg = Debug|Win32
		{110DBB4C-78C6-418A-9421-9E7F429B67BC}.Debug|x86.Build.0 = Debug|Win32
		{110DBB4C-78C6-418A-9421-9E7F429B67BC}.Release|x64.ActiveCfg = Release|x64
		{110DBB4C-78C6-418A-9421-9E7F429B67BC}.Release|x64.Build.0 = Release|x64
		{110DBB4C-78C6-418A-9421-9E7F429B67BC}.Release|x86.ActiveCfg = Release|Win32
		{110DBB4C-78C6-418A-9421-9E7F429B67BC}.Release|x86.Build.0 = Release|Win32
		{1F7AFD82-E10E-43F1-8A21-6DBAC70FCC45}.Debug|x64.ActiveCfg = Debug|x64
		{1F7AFD82-E10E-43F1-8A21-6DBAC70FCC45}.Debug|x64.Build.0 = Debug|x64
		{1F7AFD82-E10E-43F1-8A21-6DBAC70FCC45}.Debug|x86.ActiveCfg = Debug|Win32
		{1F7AFD82-E10E-43F1-8A21-6DBAC70FCC45}.Debug|x86.Build.0 = Debug|Win32
		{1F7AFD82-E10E-43F1-8A21-6DBAC70FCC45}.Release|x64.ActiveCfg = Release|x64
		{1F7AFD82-E10E-43F1-8A21-6DBAC70FCC45}.Release|x64.Build.0 = Release|x64
		{1F7AFD82-E10E-43F1-8A21-6DBAC70FCC45}.Release|x86.ActiveCfg = Release|Win32
		{1F7AFD82-E10E-43F1-8A21-6DBAC70FCC45}.Release|x86.Build.0 = Release|Win32
	EndGlobalSection
	GlobalSection(SolutionProperties) = preSolution
		HideSolutionNode = FALSE
	EndGlobalSection
	GlobalSection(ExtensibilityGlobals) = postSolution
		SolutionGuid = {34BC6439-3974-415E-BA24-EF752A90C891}
	EndGlobalSection
EndGlobal
